
Microsoft Visual Studio Solution File, Format Version 12.00
# Visual Studio Version 17
VisualStudioVersion = 17.0.32002.185
MinimumVisualStudioVersion = 10.0.40219.1
Project("{FAE04EC0-301F-11D3-BF4B-00C04F79EFBC}") = "hw11", "hw11\hw11.csproj", "{AC52931E-806B-4CD3-BECA-B89DD4F2182E}"
EndProject
Global
	GlobalSection(SolutionConfigurationPlatforms) = preSolution
		Debug|Any CPU = Debug|Any CPU
		Release|Any CPU = Release|Any CPU
	EndGlobalSection
	GlobalSection(ProjectConfigurationPlatforms) = postSolution
		{AC52931E-806B-4CD3-BECA-B89DD4F2182E}.Debug|Any CPU.ActiveCfg = Debug|Any CPU
		{AC52931E-806B-4CD3-BECA-B89DD4F2182E}.Debug|Any CPU.Build.0 = Debug|Any CPU
		{AC52931E-806B-4CD3-BECA-B89DD4F2182E}.Release|Any CPU.ActiveCfg = Release|Any CPU
		{AC52931E-806B-4CD3-BECA-B89DD4F2182E}.Release|Any CPU.Build.0 = Release|Any CPU
	EndGlobalSection
	GlobalSection(SolutionProperties) = preSolution
		HideSolutionNode = FALSE
	EndGlobalSection
	GlobalSection(ExtensibilityGlobals) = postSolution
		SolutionGuid = {37906779-7E44-45B9-BF67-29D05A6BDA44}
	EndGlobalSection
EndGlobal
